// !$*UTF8*$!
{
	archiveVersion = 1;
	classes = {
	};
	objectVersion = 56;
	objects = {

/* Begin PBXBuildFile section */
		5A3D815C2C2836F100FF9B53 /* main.swift in Sources */ = {isa = PBXBuildFile; fileRef = 5A3D815B2C2836F100FF9B53 /* main.swift */; };
		5A3D81652C296C4600FF9B53 /* StringInterpolationView.swift in Sources */ = {isa = PBXBuildFile; fileRef = 5A3D81642C296C4600FF9B53 /* StringInterpolationView.swift */; };
		5A7A6F912C1071E2009E641A /* WBMessengerAppApp.swift in Sources */ = {isa = PBXBuildFile; fileRef = 5A7A6F902C1071E2009E641A /* WBMessengerAppApp.swift */; };
		5A7A6F932C1071E2009E641A /* WalkthroughView.swift in Sources */ = {isa = PBXBuildFile; fileRef = 5A7A6F922C1071E2009E641A /* WalkthroughView.swift */; };
		5A7A6F952C1071E5009E641A /* Assets.xcassets in Resources */ = {isa = PBXBuildFile; fileRef = 5A7A6F942C1071E5009E641A /* Assets.xcassets */; };
		5A7A6F982C1071E5009E641A /* Preview Assets.xcassets in Resources */ = {isa = PBXBuildFile; fileRef = 5A7A6F972C1071E5009E641A /* Preview Assets.xcassets */; };
		5A7A6FA12C107EC7009E641A /* StartButtonView.swift in Sources */ = {isa = PBXBuildFile; fileRef = 5A7A6FA02C107EC7009E641A /* StartButtonView.swift */; };
		5A7A6FA32C107FAA009E641A /* UserAgreementButtonView.swift in Sources */ = {isa = PBXBuildFile; fileRef = 5A7A6FA22C107FAA009E641A /* UserAgreementButtonView.swift */; };
		5A7A6FA52C1083B4009E641A /* HeadlineView.swift in Sources */ = {isa = PBXBuildFile; fileRef = 5A7A6FA42C1083B4009E641A /* HeadlineView.swift */; };
		5A7A6FA82C108699009E641A /* VerificationView.swift in Sources */ = {isa = PBXBuildFile; fileRef = 5A7A6FA72C108699009E641A /* VerificationView.swift */; };
		5A7A6FDD2C146D06009E641A /* TabBarView.swift in Sources */ = {isa = PBXBuildFile; fileRef = 5A7A6FDC2C146D06009E641A /* TabBarView.swift */; };
		5A7A6FDF2C146DB3009E641A /* ContactsNavBarView.swift in Sources */ = {isa = PBXBuildFile; fileRef = 5A7A6FDE2C146DB3009E641A /* ContactsNavBarView.swift */; };
		5A7A6FE12C147A8E009E641A /* ContactsView.swift in Sources */ = {isa = PBXBuildFile; fileRef = 5A7A6FE02C147A8E009E641A /* ContactsView.swift */; };
		5A7A6FE32C147B3D009E641A /* ContantCellView.swift in Sources */ = {isa = PBXBuildFile; fileRef = 5A7A6FE22C147B3D009E641A /* ContantCellView.swift */; };
		5A7A6FE62C147EA3009E641A /* ContactTextInfoView.swift in Sources */ = {isa = PBXBuildFile; fileRef = 5A7A6FE52C147EA3009E641A /* ContactTextInfoView.swift */; };
		5A7A6FE82C14FF07009E641A /* ContactSearchView.swift in Sources */ = {isa = PBXBuildFile; fileRef = 5A7A6FE72C14FF06009E641A /* ContactSearchView.swift */; };
		5A7A6FEA2C1507F6009E641A /* ContactPlaceholderView.swift in Sources */ = {isa = PBXBuildFile; fileRef = 5A7A6FE92C1507F6009E641A /* ContactPlaceholderView.swift */; };
		5A7A6FED2C15E0D2009E641A /* PersonalChatView.swift in Sources */ = {isa = PBXBuildFile; fileRef = 5A7A6FEC2C15E0D2009E641A /* PersonalChatView.swift */; };
		5A7A6FF22C177A25009E641A /* NewContactView.swift in Sources */ = {isa = PBXBuildFile; fileRef = 5A7A6FF12C177A25009E641A /* NewContactView.swift */; };
		5A7A6FF42C177A79009E641A /* NewContactCellView.swift in Sources */ = {isa = PBXBuildFile; fileRef = 5A7A6FF32C177A79009E641A /* NewContactCellView.swift */; };
		5A7A6FF62C177D4A009E641A /* SaveButtonView.swift in Sources */ = {isa = PBXBuildFile; fileRef = 5A7A6FF52C177D4A009E641A /* SaveButtonView.swift */; };
		5A7A6FF82C177E90009E641A /* ContactTelNumberView.swift in Sources */ = {isa = PBXBuildFile; fileRef = 5A7A6FF72C177E90009E641A /* ContactTelNumberView.swift */; };
		5A7A6FFA2C177FC8009E641A /* CountryNumberView.swift in Sources */ = {isa = PBXBuildFile; fileRef = 5A7A6FF92C177FC8009E641A /* CountryNumberView.swift */; };
		5A7A6FFC2C17820E009E641A /* ContactDetailImageView.swift in Sources */ = {isa = PBXBuildFile; fileRef = 5A7A6FFB2C17820E009E641A /* ContactDetailImageView.swift */; };
		5A7A6FFF2C178980009E641A /* TitleNavBar.swift in Sources */ = {isa = PBXBuildFile; fileRef = 5A7A6FFE2C17897F009E641A /* TitleNavBar.swift */; };
		5A7A70012C178990009E641A /* BackButtonNavBar.swift in Sources */ = {isa = PBXBuildFile; fileRef = 5A7A70002C178990009E641A /* BackButtonNavBar.swift */; };
		5A7A70042C18AD42009E641A /* ImagePicker.swift in Sources */ = {isa = PBXBuildFile; fileRef = 5A7A70032C18AD42009E641A /* ImagePicker.swift */; };
		5A7A70352C19C864009E641A /* WidgetKit.framework in Frameworks */ = {isa = PBXBuildFile; fileRef = 5A7A70342C19C864009E641A /* WidgetKit.framework */; };
		5A7A70372C19C864009E641A /* SwiftUI.framework in Frameworks */ = {isa = PBXBuildFile; fileRef = 5A7A70362C19C864009E641A /* SwiftUI.framework */; };
		5A7A703A2C19C864009E641A /* WBMessengerWidgetBundle.swift in Sources */ = {isa = PBXBuildFile; fileRef = 5A7A70392C19C864009E641A /* WBMessengerWidgetBundle.swift */; };
		5A7A703C2C19C864009E641A /* WBMessengerWidgetLiveActivity.swift in Sources */ = {isa = PBXBuildFile; fileRef = 5A7A703B2C19C864009E641A /* WBMessengerWidgetLiveActivity.swift */; };
		5A7A703E2C19C864009E641A /* WBMessengerWidget.swift in Sources */ = {isa = PBXBuildFile; fileRef = 5A7A703D2C19C864009E641A /* WBMessengerWidget.swift */; };
		5A7A70402C19C864009E641A /* AppIntent.swift in Sources */ = {isa = PBXBuildFile; fileRef = 5A7A703F2C19C864009E641A /* AppIntent.swift */; };
		5A7A70422C19C867009E641A /* Assets.xcassets in Resources */ = {isa = PBXBuildFile; fileRef = 5A7A70412C19C867009E641A /* Assets.xcassets */; };
		5A7A70462C19C867009E641A /* WBMessengerWidgetExtension.appex in Embed Foundation Extensions */ = {isa = PBXBuildFile; fileRef = 5A7A70322C19C864009E641A /* WBMessengerWidgetExtension.appex */; settings = {ATTRIBUTES = (RemoveHeadersOnCopy, ); }; };
		5A7A70522C1BEE61009E641A /* DataManager.swift in Sources */ = {isa = PBXBuildFile; fileRef = 5A7A70512C1BEE61009E641A /* DataManager.swift */; };
		5A7A70532C1BEE79009E641A /* DataManager.swift in Sources */ = {isa = PBXBuildFile; fileRef = 5A7A70512C1BEE61009E641A /* DataManager.swift */; };
		5ACBAA942C1F2A2600F583EE /* OpenChatIntent.swift in Sources */ = {isa = PBXBuildFile; fileRef = 5ACBAA932C1F2A2600F583EE /* OpenChatIntent.swift */; };
		5ACBAA962C1F2A6400F583EE /* AppState.swift in Sources */ = {isa = PBXBuildFile; fileRef = 5ACBAA952C1F2A6400F583EE /* AppState.swift */; };
		5ADDEF692C29898700D1D990 /* Localizable.strings in Resources */ = {isa = PBXBuildFile; fileRef = 5ADDEF6B2C29898700D1D990 /* Localizable.strings */; };
		5ADDEF712C298D0900D1D990 /* StringExtension.swift in Sources */ = {isa = PBXBuildFile; fileRef = 5ADDEF702C298D0900D1D990 /* StringExtension.swift */; };
/* End PBXBuildFile section */

/* Begin PBXContainerItemProxy section */
		5A7A70442C19C867009E641A /* PBXContainerItemProxy */ = {
			isa = PBXContainerItemProxy;
			containerPortal = 5A7A6F852C1071E2009E641A /* Project object */;
			proxyType = 1;
			remoteGlobalIDString = 5A7A70312C19C864009E641A;
			remoteInfo = WBMessengerWidgetExtension;
		};
/* End PBXContainerItemProxy section */

/* Begin PBXCopyFilesBuildPhase section */
		5A3D81572C2836F100FF9B53 /* CopyFiles */ = {
			isa = PBXCopyFilesBuildPhase;
			buildActionMask = 2147483647;
			dstPath = /usr/share/man/man1/;
			dstSubfolderSpec = 0;
			files = (
			);
			runOnlyForDeploymentPostprocessing = 1;
		};
		5A7A704A2C19C867009E641A /* Embed Foundation Extensions */ = {
			isa = PBXCopyFilesBuildPhase;
			buildActionMask = 2147483647;
			dstPath = "";
			dstSubfolderSpec = 13;
			files = (
				5A7A70462C19C867009E641A /* WBMessengerWidgetExtension.appex in Embed Foundation Extensions */,
			);
			name = "Embed Foundation Extensions";
			runOnlyForDeploymentPostprocessing = 0;
		};
/* End PBXCopyFilesBuildPhase section */

/* Begin PBXFileReference section */
		5A3D81592C2836F100FF9B53 /* BankConsoleProgram */ = {isa = PBXFileReference; explicitFileType = "compiled.mach-o.executable"; includeInIndex = 0; path = BankConsoleProgram; sourceTree = BUILT_PRODUCTS_DIR; };
		5A3D815B2C2836F100FF9B53 /* main.swift */ = {isa = PBXFileReference; lastKnownFileType = sourcecode.swift; path = main.swift; sourceTree = "<group>"; };
		5A3D81612C28441F00FF9B53 /* HeapStackMemoryPG.playground */ = {isa = PBXFileReference; lastKnownFileType = file.playground; path = HeapStackMemoryPG.playground; sourceTree = "<group>"; xcLanguageSpecificationIdentifier = xcode.lang.swift; };
		5A3D81642C296C4600FF9B53 /* StringInterpolationView.swift */ = {isa = PBXFileReference; lastKnownFileType = sourcecode.swift; path = StringInterpolationView.swift; sourceTree = "<group>"; };
		5A7A6F8D2C1071E2009E641A /* WBMessengerApp.app */ = {isa = PBXFileReference; explicitFileType = wrapper.application; includeInIndex = 0; path = WBMessengerApp.app; sourceTree = BUILT_PRODUCTS_DIR; };
		5A7A6F902C1071E2009E641A /* WBMessengerAppApp.swift */ = {isa = PBXFileReference; lastKnownFileType = sourcecode.swift; path = WBMessengerAppApp.swift; sourceTree = "<group>"; };
		5A7A6F922C1071E2009E641A /* WalkthroughView.swift */ = {isa = PBXFileReference; lastKnownFileType = sourcecode.swift; path = WalkthroughView.swift; sourceTree = "<group>"; };
		5A7A6F942C1071E5009E641A /* Assets.xcassets */ = {isa = PBXFileReference; lastKnownFileType = folder.assetcatalog; path = Assets.xcassets; sourceTree = "<group>"; };
		5A7A6F972C1071E5009E641A /* Preview Assets.xcassets */ = {isa = PBXFileReference; lastKnownFileType = folder.assetcatalog; path = "Preview Assets.xcassets"; sourceTree = "<group>"; };
		5A7A6FA02C107EC7009E641A /* StartButtonView.swift */ = {isa = PBXFileReference; lastKnownFileType = sourcecode.swift; path = StartButtonView.swift; sourceTree = "<group>"; };
		5A7A6FA22C107FAA009E641A /* UserAgreementButtonView.swift */ = {isa = PBXFileReference; lastKnownFileType = sourcecode.swift; path = UserAgreementButtonView.swift; sourceTree = "<group>"; };
		5A7A6FA42C1083B4009E641A /* HeadlineView.swift */ = {isa = PBXFileReference; lastKnownFileType = sourcecode.swift; path = HeadlineView.swift; sourceTree = "<group>"; };
		5A7A6FA72C108699009E641A /* VerificationView.swift */ = {isa = PBXFileReference; lastKnownFileType = sourcecode.swift; path = VerificationView.swift; sourceTree = "<group>"; };
		5A7A6FDC2C146D06009E641A /* TabBarView.swift */ = {isa = PBXFileReference; lastKnownFileType = sourcecode.swift; path = TabBarView.swift; sourceTree = "<group>"; };
		5A7A6FDE2C146DB3009E641A /* ContactsNavBarView.swift */ = {isa = PBXFileReference; lastKnownFileType = sourcecode.swift; path = ContactsNavBarView.swift; sourceTree = "<group>"; };
		5A7A6FE02C147A8E009E641A /* ContactsView.swift */ = {isa = PBXFileReference; lastKnownFileType = sourcecode.swift; path = ContactsView.swift; sourceTree = "<group>"; };
		5A7A6FE22C147B3D009E641A /* ContantCellView.swift */ = {isa = PBXFileReference; lastKnownFileType = sourcecode.swift; path = ContantCellView.swift; sourceTree = "<group>"; };
		5A7A6FE52C147EA3009E641A /* ContactTextInfoView.swift */ = {isa = PBXFileReference; lastKnownFileType = sourcecode.swift; path = ContactTextInfoView.swift; sourceTree = "<group>"; };
		5A7A6FE72C14FF06009E641A /* ContactSearchView.swift */ = {isa = PBXFileReference; lastKnownFileType = sourcecode.swift; path = ContactSearchView.swift; sourceTree = "<group>"; };
		5A7A6FE92C1507F6009E641A /* ContactPlaceholderView.swift */ = {isa = PBXFileReference; lastKnownFileType = sourcecode.swift; path = ContactPlaceholderView.swift; sourceTree = "<group>"; };
		5A7A6FEC2C15E0D2009E641A /* PersonalChatView.swift */ = {isa = PBXFileReference; lastKnownFileType = sourcecode.swift; path = PersonalChatView.swift; sourceTree = "<group>"; };
		5A7A6FF12C177A25009E641A /* NewContactView.swift */ = {isa = PBXFileReference; lastKnownFileType = sourcecode.swift; path = NewContactView.swift; sourceTree = "<group>"; };
		5A7A6FF32C177A79009E641A /* NewContactCellView.swift */ = {isa = PBXFileReference; lastKnownFileType = sourcecode.swift; path = NewContactCellView.swift; sourceTree = "<group>"; };
		5A7A6FF52C177D4A009E641A /* SaveButtonView.swift */ = {isa = PBXFileReference; lastKnownFileType = sourcecode.swift; path = SaveButtonView.swift; sourceTree = "<group>"; };
		5A7A6FF72C177E90009E641A /* ContactTelNumberView.swift */ = {isa = PBXFileReference; lastKnownFileType = sourcecode.swift; path = ContactTelNumberView.swift; sourceTree = "<group>"; };
		5A7A6FF92C177FC8009E641A /* CountryNumberView.swift */ = {isa = PBXFileReference; lastKnownFileType = sourcecode.swift; path = CountryNumberView.swift; sourceTree = "<group>"; };
		5A7A6FFB2C17820E009E641A /* ContactDetailImageView.swift */ = {isa = PBXFileReference; lastKnownFileType = sourcecode.swift; path = ContactDetailImageView.swift; sourceTree = "<group>"; };
		5A7A6FFE2C17897F009E641A /* TitleNavBar.swift */ = {isa = PBXFileReference; lastKnownFileType = sourcecode.swift; path = TitleNavBar.swift; sourceTree = "<group>"; };
		5A7A70002C178990009E641A /* BackButtonNavBar.swift */ = {isa = PBXFileReference; lastKnownFileType = sourcecode.swift; path = BackButtonNavBar.swift; sourceTree = "<group>"; };
		5A7A70032C18AD42009E641A /* ImagePicker.swift */ = {isa = PBXFileReference; lastKnownFileType = sourcecode.swift; path = ImagePicker.swift; sourceTree = "<group>"; };
		5A7A70322C19C864009E641A /* WBMessengerWidgetExtension.appex */ = {isa = PBXFileReference; explicitFileType = "wrapper.app-extension"; includeInIndex = 0; path = WBMessengerWidgetExtension.appex; sourceTree = BUILT_PRODUCTS_DIR; };
		5A7A70342C19C864009E641A /* WidgetKit.framework */ = {isa = PBXFileReference; lastKnownFileType = wrapper.framework; name = WidgetKit.framework; path = System/Library/Frameworks/WidgetKit.framework; sourceTree = SDKROOT; };
		5A7A70362C19C864009E641A /* SwiftUI.framework */ = {isa = PBXFileReference; lastKnownFileType = wrapper.framework; name = SwiftUI.framework; path = System/Library/Frameworks/SwiftUI.framework; sourceTree = SDKROOT; };
		5A7A70392C19C864009E641A /* WBMessengerWidgetBundle.swift */ = {isa = PBXFileReference; lastKnownFileType = sourcecode.swift; path = WBMessengerWidgetBundle.swift; sourceTree = "<group>"; };
		5A7A703B2C19C864009E641A /* WBMessengerWidgetLiveActivity.swift */ = {isa = PBXFileReference; lastKnownFileType = sourcecode.swift; path = WBMessengerWidgetLiveActivity.swift; sourceTree = "<group>"; };
		5A7A703D2C19C864009E641A /* WBMessengerWidget.swift */ = {isa = PBXFileReference; lastKnownFileType = sourcecode.swift; path = WBMessengerWidget.swift; sourceTree = "<group>"; };
		5A7A703F2C19C864009E641A /* AppIntent.swift */ = {isa = PBXFileReference; lastKnownFileType = sourcecode.swift; path = AppIntent.swift; sourceTree = "<group>"; };
		5A7A70412C19C867009E641A /* Assets.xcassets */ = {isa = PBXFileReference; lastKnownFileType = folder.assetcatalog; path = Assets.xcassets; sourceTree = "<group>"; };
		5A7A70432C19C867009E641A /* Info.plist */ = {isa = PBXFileReference; lastKnownFileType = text.plist.xml; path = Info.plist; sourceTree = "<group>"; };
		5A7A704D2C19CF93009E641A /* Info.plist */ = {isa = PBXFileReference; lastKnownFileType = text.plist; path = Info.plist; sourceTree = "<group>"; };
		5A7A704F2C1BEA35009E641A /* WBMessengerApp.entitlements */ = {isa = PBXFileReference; lastKnownFileType = text.plist.entitlements; path = WBMessengerApp.entitlements; sourceTree = "<group>"; };
		5A7A70502C1BEA7B009E641A /* WBMessengerWidgetExtension.entitlements */ = {isa = PBXFileReference; lastKnownFileType = text.plist.entitlements; path = WBMessengerWidgetExtension.entitlements; sourceTree = "<group>"; };
		5A7A70512C1BEE61009E641A /* DataManager.swift */ = {isa = PBXFileReference; lastKnownFileType = sourcecode.swift; path = DataManager.swift; sourceTree = "<group>"; };
		5ACBAA932C1F2A2600F583EE /* OpenChatIntent.swift */ = {isa = PBXFileReference; lastKnownFileType = sourcecode.swift; path = OpenChatIntent.swift; sourceTree = "<group>"; };
		5ACBAA952C1F2A6400F583EE /* AppState.swift */ = {isa = PBXFileReference; lastKnownFileType = sourcecode.swift; path = AppState.swift; sourceTree = "<group>"; };
		5ADDEF6A2C29898700D1D990 /* en */ = {isa = PBXFileReference; lastKnownFileType = text.plist.strings; name = en; path = en.lproj/Localizable.strings; sourceTree = "<group>"; };
		5ADDEF6C2C29898900D1D990 /* ru */ = {isa = PBXFileReference; lastKnownFileType = text.plist.strings; name = ru; path = ru.lproj/Localizable.strings; sourceTree = "<group>"; };
		5ADDEF6D2C298BF300D1D990 /* nl */ = {isa = PBXFileReference; lastKnownFileType = text.plist.strings; name = nl; path = nl.lproj/Localizable.strings; sourceTree = "<group>"; };
		5ADDEF6E2C298BFD00D1D990 /* fr */ = {isa = PBXFileReference; lastKnownFileType = text.plist.strings; name = fr; path = fr.lproj/Localizable.strings; sourceTree = "<group>"; };
		5ADDEF6F2C298C0F00D1D990 /* es */ = {isa = PBXFileReference; lastKnownFileType = text.plist.strings; name = es; path = es.lproj/Localizable.strings; sourceTree = "<group>"; };
		5ADDEF702C298D0900D1D990 /* StringExtension.swift */ = {isa = PBXFileReference; lastKnownFileType = sourcecode.swift; path = StringExtension.swift; sourceTree = "<group>"; };
/* End PBXFileReference section */

/* Begin PBXFrameworksBuildPhase section */
		5A3D81562C2836F100FF9B53 /* Frameworks */ = {
			isa = PBXFrameworksBuildPhase;
			buildActionMask = 2147483647;
			files = (
			);
			runOnlyForDeploymentPostprocessing = 0;
		};
		5A7A6F8A2C1071E2009E641A /* Frameworks */ = {
			isa = PBXFrameworksBuildPhase;
			buildActionMask = 2147483647;
			files = (
			);
			runOnlyForDeploymentPostprocessing = 0;
		};
		5A7A702F2C19C864009E641A /* Frameworks */ = {
			isa = PBXFrameworksBuildPhase;
			buildActionMask = 2147483647;
			files = (
				5A7A70372C19C864009E641A /* SwiftUI.framework in Frameworks */,
				5A7A70352C19C864009E641A /* WidgetKit.framework in Frameworks */,
			);
			runOnlyForDeploymentPostprocessing = 0;
		};
/* End PBXFrameworksBuildPhase section */

/* Begin PBXGroup section */
		5A3D815A2C2836F100FF9B53 /* BankConsoleProgram */ = {
			isa = PBXGroup;
			children = (
				5A3D815B2C2836F100FF9B53 /* main.swift */,
			);
			path = BankConsoleProgram;
			sourceTree = "<group>";
		};
		5A3D81632C284E2300FF9B53 /* HeapStackMemory */ = {
			isa = PBXGroup;
			children = (
				5A3D81612C28441F00FF9B53 /* HeapStackMemoryPG.playground */,
			);
			path = HeapStackMemory;
			sourceTree = "<group>";
		};
		5A7A6F842C1071E2009E641A = {
			isa = PBXGroup;
			children = (
				5ADDEF6B2C29898700D1D990 /* Localizable.strings */,
				5A7A70502C1BEA7B009E641A /* WBMessengerWidgetExtension.entitlements */,
				5A7A6F8F2C1071E2009E641A /* WBMessengerApp */,
				5ADDEF662C29839900D1D990 /* StringInterpolation */,
				5A7A70382C19C864009E641A /* WBMessengerWidget */,
				5A3D815A2C2836F100FF9B53 /* BankConsoleProgram */,
				5A3D81632C284E2300FF9B53 /* HeapStackMemory */,
				5A7A70332C19C864009E641A /* Frameworks */,
				5A7A6F8E2C1071E2009E641A /* Products */,
			);
			sourceTree = "<group>";
		};
		5A7A6F8E2C1071E2009E641A /* Products */ = {
			isa = PBXGroup;
			children = (
				5A7A6F8D2C1071E2009E641A /* WBMessengerApp.app */,
				5A7A70322C19C864009E641A /* WBMessengerWidgetExtension.appex */,
				5A3D81592C2836F100FF9B53 /* BankConsoleProgram */,
			);
			name = Products;
			sourceTree = "<group>";
		};
		5A7A6F8F2C1071E2009E641A /* WBMessengerApp */ = {
			isa = PBXGroup;
			children = (
				5A7A704F2C1BEA35009E641A /* WBMessengerApp.entitlements */,
				5A7A704D2C19CF93009E641A /* Info.plist */,
				5A7A6F902C1071E2009E641A /* WBMessengerAppApp.swift */,
				5A7A6FDC2C146D06009E641A /* TabBarView.swift */,
				5ACBAA952C1F2A6400F583EE /* AppState.swift */,
				5A7A70542C1D9435009E641A /* AppGroup */,
				5ACBAA922C1F2A0B00F583EE /* AppIntents */,
				5A7A6FFD2C17895B009E641A /* CustomNavBar */,
				5A7A70052C18AE3F009E641A /* Utilities */,
				5A7A6F9E2C107953009E641A /* WalkThroughModule */,
				5A7A6FA62C10866E009E641A /* VerificationModule */,
				5A7A6FDB2C146CC0009E641A /* ContactsModule */,
				5A7A6FEB2C15E093009E641A /* PersonalChatModule */,
				5A7A6F942C1071E5009E641A /* Assets.xcassets */,
				5A7A6F962C1071E5009E641A /* Preview Content */,
			);
			path = WBMessengerApp;
			sourceTree = "<group>";
		};
		5A7A6F962C1071E5009E641A /* Preview Content */ = {
			isa = PBXGroup;
			children = (
				5A7A6F972C1071E5009E641A /* Preview Assets.xcassets */,
			);
			path = "Preview Content";
			sourceTree = "<group>";
		};
		5A7A6F9E2C107953009E641A /* WalkThroughModule */ = {
			isa = PBXGroup;
			children = (
				5A7A6F922C1071E2009E641A /* WalkthroughView.swift */,
				5A7A6F9F2C107B7D009E641A /* Components */,
			);
			path = WalkThroughModule;
			sourceTree = "<group>";
		};
		5A7A6F9F2C107B7D009E641A /* Components */ = {
			isa = PBXGroup;
			children = (
				5A7A6FA42C1083B4009E641A /* HeadlineView.swift */,
				5A7A6FA22C107FAA009E641A /* UserAgreementButtonView.swift */,
				5A7A6FA02C107EC7009E641A /* StartButtonView.swift */,
			);
			path = Components;
			sourceTree = "<group>";
		};
		5A7A6FA62C10866E009E641A /* VerificationModule */ = {
			isa = PBXGroup;
			children = (
				5A7A6FA72C108699009E641A /* VerificationView.swift */,
			);
			path = VerificationModule;
			sourceTree = "<group>";
		};
		5A7A6FDB2C146CC0009E641A /* ContactsModule */ = {
			isa = PBXGroup;
			children = (
				5A7A6FDE2C146DB3009E641A /* ContactsNavBarView.swift */,
				5A7A6FEF2C1779C2009E641A /* ContactMainModule */,
				5A7A6FF02C1779FA009E641A /* NewContactModule */,
			);
			path = ContactsModule;
			sourceTree = "<group>";
		};
		5A7A6FE42C147E66009E641A /* Components */ = {
			isa = PBXGroup;
			children = (
				5A7A6FE72C14FF06009E641A /* ContactSearchView.swift */,
				5A7A6FEE2C15E9D0009E641A /* ContactCell */,
			);
			path = Components;
			sourceTree = "<group>";
		};
		5A7A6FEB2C15E093009E641A /* PersonalChatModule */ = {
			isa = PBXGroup;
			children = (
				5A7A6FEC2C15E0D2009E641A /* PersonalChatView.swift */,
			);
			path = PersonalChatModule;
			sourceTree = "<group>";
		};
		5A7A6FEE2C15E9D0009E641A /* ContactCell */ = {
			isa = PBXGroup;
			children = (
				5A7A6FE22C147B3D009E641A /* ContantCellView.swift */,
				5A7A6FE52C147EA3009E641A /* ContactTextInfoView.swift */,
				5A7A6FE92C1507F6009E641A /* ContactPlaceholderView.swift */,
			);
			path = ContactCell;
			sourceTree = "<group>";
		};
		5A7A6FEF2C1779C2009E641A /* ContactMainModule */ = {
			isa = PBXGroup;
			children = (
				5A7A6FE02C147A8E009E641A /* ContactsView.swift */,
				5A7A6FE42C147E66009E641A /* Components */,
			);
			path = ContactMainModule;
			sourceTree = "<group>";
		};
		5A7A6FF02C1779FA009E641A /* NewContactModule */ = {
			isa = PBXGroup;
			children = (
				5A7A6FF12C177A25009E641A /* NewContactView.swift */,
				5A7A70022C178B99009E641A /* Components */,
			);
			path = NewContactModule;
			sourceTree = "<group>";
		};
		5A7A6FFD2C17895B009E641A /* CustomNavBar */ = {
			isa = PBXGroup;
			children = (
				5A7A6FFE2C17897F009E641A /* TitleNavBar.swift */,
				5A7A70002C178990009E641A /* BackButtonNavBar.swift */,
			);
			path = CustomNavBar;
			sourceTree = "<group>";
		};
		5A7A70022C178B99009E641A /* Components */ = {
			isa = PBXGroup;
			children = (
				5A7A6FF32C177A79009E641A /* NewContactCellView.swift */,
				5A7A6FF52C177D4A009E641A /* SaveButtonView.swift */,
				5A7A6FF72C177E90009E641A /* ContactTelNumberView.swift */,
				5A7A6FF92C177FC8009E641A /* CountryNumberView.swift */,
				5A7A6FFB2C17820E009E641A /* ContactDetailImageView.swift */,
			);
			path = Components;
			sourceTree = "<group>";
		};
		5A7A70052C18AE3F009E641A /* Utilities */ = {
			isa = PBXGroup;
			children = (
				5A7A70032C18AD42009E641A /* ImagePicker.swift */,
			);
			path = Utilities;
			sourceTree = "<group>";
		};
		5A7A70332C19C864009E641A /* Frameworks */ = {
			isa = PBXGroup;
			children = (
				5A7A70342C19C864009E641A /* WidgetKit.framework */,
				5A7A70362C19C864009E641A /* SwiftUI.framework */,
			);
			name = Frameworks;
			sourceTree = "<group>";
		};
		5A7A70382C19C864009E641A /* WBMessengerWidget */ = {
			isa = PBXGroup;
			children = (
				5A7A70392C19C864009E641A /* WBMessengerWidgetBundle.swift */,
				5A7A703B2C19C864009E641A /* WBMessengerWidgetLiveActivity.swift */,
				5A7A703D2C19C864009E641A /* WBMessengerWidget.swift */,
				5A7A703F2C19C864009E641A /* AppIntent.swift */,
				5A7A70412C19C867009E641A /* Assets.xcassets */,
				5A7A70432C19C867009E641A /* Info.plist */,
			);
			path = WBMessengerWidget;
			sourceTree = "<group>";
		};
		5A7A70542C1D9435009E641A /* AppGroup */ = {
			isa = PBXGroup;
			children = (
				5A7A70512C1BEE61009E641A /* DataManager.swift */,
			);
			path = AppGroup;
			sourceTree = "<group>";
		};
		5ACBAA922C1F2A0B00F583EE /* AppIntents */ = {
			isa = PBXGroup;
			children = (
				5ACBAA932C1F2A2600F583EE /* OpenChatIntent.swift */,
			);
			path = AppIntents;
			sourceTree = "<group>";
		};
		5ADDEF662C29839900D1D990 /* StringInterpolation */ = {
			isa = PBXGroup;
			children = (
				5A3D81642C296C4600FF9B53 /* StringInterpolationView.swift */,
				5ADDEF702C298D0900D1D990 /* StringExtension.swift */,
			);
			path = StringInterpolation;
			sourceTree = "<group>";
		};
/* End PBXGroup section */

/* Begin PBXNativeTarget section */
		5A3D81582C2836F100FF9B53 /* BankConsoleProgram */ = {
			isa = PBXNativeTarget;
			buildConfigurationList = 5A3D815F2C2836F100FF9B53 /* Build configuration list for PBXNativeTarget "BankConsoleProgram" */;
			buildPhases = (
				5A3D81552C2836F100FF9B53 /* Sources */,
				5A3D81562C2836F100FF9B53 /* Frameworks */,
				5A3D81572C2836F100FF9B53 /* CopyFiles */,
			);
			buildRules = (
			);
			dependencies = (
			);
			name = BankConsoleProgram;
			productName = BankConsoleProgram;
			productReference = 5A3D81592C2836F100FF9B53 /* BankConsoleProgram */;
			productType = "com.apple.product-type.tool";
		};
		5A7A6F8C2C1071E2009E641A /* WBMessengerApp */ = {
			isa = PBXNativeTarget;
			buildConfigurationList = 5A7A6F9B2C1071E5009E641A /* Build configuration list for PBXNativeTarget "WBMessengerApp" */;
			buildPhases = (
				5A7A6F892C1071E2009E641A /* Sources */,
				5A7A6F8A2C1071E2009E641A /* Frameworks */,
				5A7A6F8B2C1071E2009E641A /* Resources */,
				5A7A704A2C19C867009E641A /* Embed Foundation Extensions */,
			);
			buildRules = (
			);
			dependencies = (
				5A7A70452C19C867009E641A /* PBXTargetDependency */,
			);
			name = WBMessengerApp;
			productName = WBMessengerApp;
			productReference = 5A7A6F8D2C1071E2009E641A /* WBMessengerApp.app */;
			productType = "com.apple.product-type.application";
		};
		5A7A70312C19C864009E641A /* WBMessengerWidgetExtension */ = {
			isa = PBXNativeTarget;
			buildConfigurationList = 5A7A70472C19C867009E641A /* Build configuration list for PBXNativeTarget "WBMessengerWidgetExtension" */;
			buildPhases = (
				5A7A702E2C19C864009E641A /* Sources */,
				5A7A702F2C19C864009E641A /* Frameworks */,
				5A7A70302C19C864009E641A /* Resources */,
			);
			buildRules = (
			);
			dependencies = (
			);
			name = WBMessengerWidgetExtension;
			productName = WBMessengerWidgetExtension;
			productReference = 5A7A70322C19C864009E641A /* WBMessengerWidgetExtension.appex */;
			productType = "com.apple.product-type.app-extension";
		};
/* End PBXNativeTarget section */

/* Begin PBXProject section */
		5A7A6F852C1071E2009E641A /* Project object */ = {
			isa = PBXProject;
			attributes = {
				BuildIndependentTargetsInParallel = 1;
				LastSwiftUpdateCheck = 1520;
				LastUpgradeCheck = 1520;
				TargetAttributes = {
					5A3D81582C2836F100FF9B53 = {
						CreatedOnToolsVersion = 15.2;
					};
					5A7A6F8C2C1071E2009E641A = {
						CreatedOnToolsVersion = 15.2;
					};
					5A7A70312C19C864009E641A = {
						CreatedOnToolsVersion = 15.2;
					};
				};
			};
			buildConfigurationList = 5A7A6F882C1071E2009E641A /* Build configuration list for PBXProject "WBMessengerApp" */;
			compatibilityVersion = "Xcode 14.0";
			developmentRegion = en;
			hasScannedForEncodings = 0;
			knownRegions = (
				en,
				Base,
				ru,
				nl,
				fr,
				es,
			);
			mainGroup = 5A7A6F842C1071E2009E641A;
			productRefGroup = 5A7A6F8E2C1071E2009E641A /* Products */;
			projectDirPath = "";
			projectRoot = "";
			targets = (
				5A7A6F8C2C1071E2009E641A /* WBMessengerApp */,
				5A7A70312C19C864009E641A /* WBMessengerWidgetExtension */,
				5A3D81582C2836F100FF9B53 /* BankConsoleProgram */,
			);
		};
/* End PBXProject section */

/* Begin PBXResourcesBuildPhase section */
		5A7A6F8B2C1071E2009E641A /* Resources */ = {
			isa = PBXResourcesBuildPhase;
			buildActionMask = 2147483647;
			files = (
				5A7A6F982C1071E5009E641A /* Preview Assets.xcassets in Resources */,
				5ADDEF692C29898700D1D990 /* Localizable.strings in Resources */,
				5A7A6F952C1071E5009E641A /* Assets.xcassets in Resources */,
			);
			runOnlyForDeploymentPostprocessing = 0;
		};
		5A7A70302C19C864009E641A /* Resources */ = {
			isa = PBXResourcesBuildPhase;
			buildActionMask = 2147483647;
			files = (
				5A7A70422C19C867009E641A /* Assets.xcassets in Resources */,
			);
			runOnlyForDeploymentPostprocessing = 0;
		};
/* End PBXResourcesBuildPhase section */

/* Begin PBXSourcesBuildPhase section */
		5A3D81552C2836F100FF9B53 /* Sources */ = {
			isa = PBXSourcesBuildPhase;
			buildActionMask = 2147483647;
			files = (
				5A3D815C2C2836F100FF9B53 /* main.swift in Sources */,
			);
			runOnlyForDeploymentPostprocessing = 0;
		};
		5A7A6F892C1071E2009E641A /* Sources */ = {
			isa = PBXSourcesBuildPhase;
			buildActionMask = 2147483647;
			files = (
				5A3D81652C296C4600FF9B53 /* StringInterpolationView.swift in Sources */,
				5A7A6FF42C177A79009E641A /* NewContactCellView.swift in Sources */,
				5A7A70522C1BEE61009E641A /* DataManager.swift in Sources */,
				5A7A6FED2C15E0D2009E641A /* PersonalChatView.swift in Sources */,
				5A7A6FA32C107FAA009E641A /* UserAgreementButtonView.swift in Sources */,
				5A7A6FA12C107EC7009E641A /* StartButtonView.swift in Sources */,
				5A7A6FE32C147B3D009E641A /* ContantCellView.swift in Sources */,
				5A7A6FDD2C146D06009E641A /* TabBarView.swift in Sources */,
				5ADDEF712C298D0900D1D990 /* StringExtension.swift in Sources */,
				5A7A6FFA2C177FC8009E641A /* CountryNumberView.swift in Sources */,
				5A7A6F932C1071E2009E641A /* WalkthroughView.swift in Sources */,
				5A7A6FFF2C178980009E641A /* TitleNavBar.swift in Sources */,
				5A7A6FA82C108699009E641A /* VerificationView.swift in Sources */,
				5A7A6FF62C177D4A009E641A /* SaveButtonView.swift in Sources */,
				5A7A6FA52C1083B4009E641A /* HeadlineView.swift in Sources */,
				5A7A6FE62C147EA3009E641A /* ContactTextInfoView.swift in Sources */,
				5ACBAA942C1F2A2600F583EE /* OpenChatIntent.swift in Sources */,
				5A7A70042C18AD42009E641A /* ImagePicker.swift in Sources */,
				5A7A6FF22C177A25009E641A /* NewContactView.swift in Sources */,
				5A7A6FF82C177E90009E641A /* ContactTelNumberView.swift in Sources */,
				5A7A6FE12C147A8E009E641A /* ContactsView.swift in Sources */,
				5A7A6F912C1071E2009E641A /* WBMessengerAppApp.swift in Sources */,
				5A7A6FFC2C17820E009E641A /* ContactDetailImageView.swift in Sources */,
				5A7A6FEA2C1507F6009E641A /* ContactPlaceholderView.swift in Sources */,
				5A7A6FDF2C146DB3009E641A /* ContactsNavBarView.swift in Sources */,
				5ACBAA962C1F2A6400F583EE /* AppState.swift in Sources */,
				5A7A70012C178990009E641A /* BackButtonNavBar.swift in Sources */,
				5A7A6FE82C14FF07009E641A /* ContactSearchView.swift in Sources */,
			);
			runOnlyForDeploymentPostprocessing = 0;
		};
		5A7A702E2C19C864009E641A /* Sources */ = {
			isa = PBXSourcesBuildPhase;
			buildActionMask = 2147483647;
			files = (
				5A7A703E2C19C864009E641A /* WBMessengerWidget.swift in Sources */,
				5A7A70532C1BEE79009E641A /* DataManager.swift in Sources */,
				5A7A70402C19C864009E641A /* AppIntent.swift in Sources */,
				5A7A703A2C19C864009E641A /* WBMessengerWidgetBundle.swift in Sources */,
				5A7A703C2C19C864009E641A /* WBMessengerWidgetLiveActivity.swift in Sources */,
			);
			runOnlyForDeploymentPostprocessing = 0;
		};
/* End PBXSourcesBuildPhase section */

/* Begin PBXTargetDependency section */
		5A7A70452C19C867009E641A /* PBXTargetDependency */ = {
			isa = PBXTargetDependency;
			target = 5A7A70312C19C864009E641A /* WBMessengerWidgetExtension */;
			targetProxy = 5A7A70442C19C867009E641A /* PBXContainerItemProxy */;
		};
/* End PBXTargetDependency section */

/* Begin PBXVariantGroup section */
		5ADDEF6B2C29898700D1D990 /* Localizable.strings */ = {
			isa = PBXVariantGroup;
			children = (
				5ADDEF6A2C29898700D1D990 /* en */,
				5ADDEF6C2C29898900D1D990 /* ru */,
				5ADDEF6D2C298BF300D1D990 /* nl */,
				5ADDEF6E2C298BFD00D1D990 /* fr */,
				5ADDEF6F2C298C0F00D1D990 /* es */,
			);
			name = Localizable.strings;
			sourceTree = "<group>";
		};
/* End PBXVariantGroup section */

/* Begin XCBuildConfiguration section */
		5A3D815D2C2836F100FF9B53 /* Debug */ = {
			isa = XCBuildConfiguration;
			buildSettings = {
				CODE_SIGN_STYLE = Automatic;
				DEVELOPMENT_TEAM = YFKSG45UC4;
				ENABLE_HARDENED_RUNTIME = YES;
				MACOSX_DEPLOYMENT_TARGET = 14.2;
				PRODUCT_NAME = "$(TARGET_NAME)";
				SDKROOT = macosx;
				SWIFT_VERSION = 5.0;
			};
			name = Debug;
		};
		5A3D815E2C2836F100FF9B53 /* Release */ = {
			isa = XCBuildConfiguration;
			buildSettings = {
				CODE_SIGN_STYLE = Automatic;
				DEVELOPMENT_TEAM = YFKSG45UC4;
				ENABLE_HARDENED_RUNTIME = YES;
				MACOSX_DEPLOYMENT_TARGET = 14.2;
				PRODUCT_NAME = "$(TARGET_NAME)";
				SDKROOT = macosx;
				SWIFT_VERSION = 5.0;
			};
			name = Release;
		};
		5A7A6F992C1071E5009E641A /* Debug */ = {
			isa = XCBuildConfiguration;
			buildSettings = {
				ALWAYS_SEARCH_USER_PATHS = NO;
				ASSETCATALOG_COMPILER_GENERATE_SWIFT_ASSET_SYMBOL_EXTENSIONS = YES;
				CLANG_ANALYZER_NONNULL = YES;
				CLANG_ANALYZER_NUMBER_OBJECT_CONVERSION = YES_AGGRESSIVE;
				CLANG_CXX_LANGUAGE_STANDARD = "gnu++20";
				CLANG_ENABLE_MODULES = YES;
				CLANG_ENABLE_OBJC_ARC = YES;
				CLANG_ENABLE_OBJC_WEAK = YES;
				CLANG_WARN_BLOCK_CAPTURE_AUTORELEASING = YES;
				CLANG_WARN_BOOL_CONVERSION = YES;
				CLANG_WARN_COMMA = YES;
				CLANG_WARN_CONSTANT_CONVERSION = YES;
				CLANG_WARN_DEPRECATED_OBJC_IMPLEMENTATIONS = YES;
				CLANG_WARN_DIRECT_OBJC_ISA_USAGE = YES_ERROR;
				CLANG_WARN_DOCUMENTATION_COMMENTS = YES;
				CLANG_WARN_EMPTY_BODY = YES;
				CLANG_WARN_ENUM_CONVERSION = YES;
				CLANG_WARN_INFINITE_RECURSION = YES;
				CLANG_WARN_INT_CONVERSION = YES;
				CLANG_WARN_NON_LITERAL_NULL_CONVERSION = YES;
				CLANG_WARN_OBJC_IMPLICIT_RETAIN_SELF = YES;
				CLANG_WARN_OBJC_LITERAL_CONVERSION = YES;
				CLANG_WARN_OBJC_ROOT_CLASS = YES_ERROR;
				CLANG_WARN_QUOTED_INCLUDE_IN_FRAMEWORK_HEADER = YES;
				CLANG_WARN_RANGE_LOOP_ANALYSIS = YES;
				CLANG_WARN_STRICT_PROTOTYPES = YES;
				CLANG_WARN_SUSPICIOUS_MOVE = YES;
				CLANG_WARN_UNGUARDED_AVAILABILITY = YES_AGGRESSIVE;
				CLANG_WARN_UNREACHABLE_CODE = YES;
				CLANG_WARN__DUPLICATE_METHOD_MATCH = YES;
				COPY_PHASE_STRIP = NO;
				DEBUG_INFORMATION_FORMAT = dwarf;
				ENABLE_STRICT_OBJC_MSGSEND = YES;
				ENABLE_TESTABILITY = YES;
				ENABLE_USER_SCRIPT_SANDBOXING = YES;
				GCC_C_LANGUAGE_STANDARD = gnu17;
				GCC_DYNAMIC_NO_PIC = NO;
				GCC_NO_COMMON_BLOCKS = YES;
				GCC_OPTIMIZATION_LEVEL = 0;
				GCC_PREPROCESSOR_DEFINITIONS = (
					"DEBUG=1",
					"$(inherited)",
				);
				GCC_WARN_64_TO_32_BIT_CONVERSION = YES;
				GCC_WARN_ABOUT_RETURN_TYPE = YES_ERROR;
				GCC_WARN_UNDECLARED_SELECTOR = YES;
				GCC_WARN_UNINITIALIZED_AUTOS = YES_AGGRESSIVE;
				GCC_WARN_UNUSED_FUNCTION = YES;
				GCC_WARN_UNUSED_VARIABLE = YES;
				IPHONEOS_DEPLOYMENT_TARGET = 17.2;
				LOCALIZATION_PREFERS_STRING_CATALOGS = YES;
				MTL_ENABLE_DEBUG_INFO = INCLUDE_SOURCE;
				MTL_FAST_MATH = YES;
				ONLY_ACTIVE_ARCH = YES;
				SDKROOT = iphoneos;
				SWIFT_ACTIVE_COMPILATION_CONDITIONS = "DEBUG $(inherited)";
				SWIFT_OPTIMIZATION_LEVEL = "-Onone";
			};
			name = Debug;
		};
		5A7A6F9A2C1071E5009E641A /* Release */ = {
			isa = XCBuildConfiguration;
			buildSettings = {
				ALWAYS_SEARCH_USER_PATHS = NO;
				ASSETCATALOG_COMPILER_GENERATE_SWIFT_ASSET_SYMBOL_EXTENSIONS = YES;
				CLANG_ANALYZER_NONNULL = YES;
				CLANG_ANALYZER_NUMBER_OBJECT_CONVERSION = YES_AGGRESSIVE;
				CLANG_CXX_LANGUAGE_STANDARD = "gnu++20";
				CLANG_ENABLE_MODULES = YES;
				CLANG_ENABLE_OBJC_ARC = YES;
				CLANG_ENABLE_OBJC_WEAK = YES;
				CLANG_WARN_BLOCK_CAPTURE_AUTORELEASING = YES;
				CLANG_WARN_BOOL_CONVERSION = YES;
				CLANG_WARN_COMMA = YES;
				CLANG_WARN_CONSTANT_CONVERSION = YES;
				CLANG_WARN_DEPRECATED_OBJC_IMPLEMENTATIONS = YES;
				CLANG_WARN_DIRECT_OBJC_ISA_USAGE = YES_ERROR;
				CLANG_WARN_DOCUMENTATION_COMMENTS = YES;
				CLANG_WARN_EMPTY_BODY = YES;
				CLANG_WARN_ENUM_CONVERSION = YES;
				CLANG_WARN_INFINITE_RECURSION = YES;
				CLANG_WARN_INT_CONVERSION = YES;
				CLANG_WARN_NON_LITERAL_NULL_CONVERSION = YES;
				CLANG_WARN_OBJC_IMPLICIT_RETAIN_SELF = YES;
				CLANG_WARN_OBJC_LITERAL_CONVERSION = YES;
				CLANG_WARN_OBJC_ROOT_CLASS = YES_ERROR;
				CLANG_WARN_QUOTED_INCLUDE_IN_FRAMEWORK_HEADER = YES;
				CLANG_WARN_RANGE_LOOP_ANALYSIS = YES;
				CLANG_WARN_STRICT_PROTOTYPES = YES;
				CLANG_WARN_SUSPICIOUS_MOVE = YES;
				CLANG_WARN_UNGUARDED_AVAILABILITY = YES_AGGRESSIVE;
				CLANG_WARN_UNREACHABLE_CODE = YES;
				CLANG_WARN__DUPLICATE_METHOD_MATCH = YES;
				COPY_PHASE_STRIP = NO;
				DEBUG_INFORMATION_FORMAT = "dwarf-with-dsym";
				ENABLE_NS_ASSERTIONS = NO;
				ENABLE_STRICT_OBJC_MSGSEND = YES;
				ENABLE_USER_SCRIPT_SANDBOXING = YES;
				GCC_C_LANGUAGE_STANDARD = gnu17;
				GCC_NO_COMMON_BLOCKS = YES;
				GCC_WARN_64_TO_32_BIT_CONVERSION = YES;
				GCC_WARN_ABOUT_RETURN_TYPE = YES_ERROR;
				GCC_WARN_UNDECLARED_SELECTOR = YES;
				GCC_WARN_UNINITIALIZED_AUTOS = YES_AGGRESSIVE;
				GCC_WARN_UNUSED_FUNCTION = YES;
				GCC_WARN_UNUSED_VARIABLE = YES;
				IPHONEOS_DEPLOYMENT_TARGET = 17.2;
				LOCALIZATION_PREFERS_STRING_CATALOGS = YES;
				MTL_ENABLE_DEBUG_INFO = NO;
				MTL_FAST_MATH = YES;
				SDKROOT = iphoneos;
				SWIFT_COMPILATION_MODE = wholemodule;
				VALIDATE_PRODUCT = YES;
			};
			name = Release;
		};
		5A7A6F9C2C1071E5009E641A /* Debug */ = {
			isa = XCBuildConfiguration;
			buildSettings = {
				ALWAYS_EMBED_SWIFT_STANDARD_LIBRARIES = YES;
				ASSETCATALOG_COMPILER_APPICON_NAME = AppIcon;
				ASSETCATALOG_COMPILER_GLOBAL_ACCENT_COLOR_NAME = AccentColor;
				CODE_SIGN_ENTITLEMENTS = WBMessengerApp/WBMessengerApp.entitlements;
				CODE_SIGN_STYLE = Automatic;
				CURRENT_PROJECT_VERSION = 1;
				DEVELOPMENT_ASSET_PATHS = "\"WBMessengerApp/Preview Content\"";
				DEVELOPMENT_TEAM = YFKSG45UC4;
				ENABLE_PREVIEWS = YES;
				GENERATE_INFOPLIST_FILE = YES;
				INFOPLIST_FILE = WBMessengerApp/Info.plist;
				INFOPLIST_KEY_UIApplicationSceneManifest_Generation = YES;
				INFOPLIST_KEY_UIApplicationSupportsIndirectInputEvents = YES;
				INFOPLIST_KEY_UILaunchScreen_Generation = YES;
				INFOPLIST_KEY_UISupportedInterfaceOrientations_iPad = "UIInterfaceOrientationPortrait UIInterfaceOrientationPortraitUpsideDown UIInterfaceOrientationLandscapeLeft UIInterfaceOrientationLandscapeRight";
				INFOPLIST_KEY_UISupportedInterfaceOrientations_iPhone = "UIInterfaceOrientationPortrait UIInterfaceOrientationLandscapeLeft UIInterfaceOrientationLandscapeRight";
				LD_RUNPATH_SEARCH_PATHS = (
					"$(inherited)",
					"@executable_path/Frameworks",
				);
				MARKETING_VERSION = 1.0;
				PRODUCT_BUNDLE_IDENTIFIER = ru.StasiaKuzya.WBMessengerAppSUI;
				PRODUCT_NAME = "$(TARGET_NAME)";
				SWIFT_EMIT_LOC_STRINGS = YES;
				SWIFT_VERSION = 5.0;
				TARGETED_DEVICE_FAMILY = "1,2";
			};
			name = Debug;
		};
		5A7A6F9D2C1071E5009E641A /* Release */ = {
			isa = XCBuildConfiguration;
			buildSettings = {
				ALWAYS_EMBED_SWIFT_STANDARD_LIBRARIES = YES;
				ASSETCATALOG_COMPILER_APPICON_NAME = AppIcon;
				ASSETCATALOG_COMPILER_GLOBAL_ACCENT_COLOR_NAME = AccentColor;
				CODE_SIGN_ENTITLEMENTS = WBMessengerApp/WBMessengerApp.entitlements;
				CODE_SIGN_STYLE = Automatic;
				CURRENT_PROJECT_VERSION = 1;
				DEVELOPMENT_ASSET_PATHS = "\"WBMessengerApp/Preview Content\"";
				DEVELOPMENT_TEAM = YFKSG45UC4;
				ENABLE_PREVIEWS = YES;
				GENERATE_INFOPLIST_FILE = YES;
				INFOPLIST_FILE = WBMessengerApp/Info.plist;
				INFOPLIST_KEY_UIApplicationSceneManifest_Generation = YES;
				INFOPLIST_KEY_UIApplicationSupportsIndirectInputEvents = YES;
				INFOPLIST_KEY_UILaunchScreen_Generation = YES;
				INFOPLIST_KEY_UISupportedInterfaceOrientations_iPad = "UIInterfaceOrientationPortrait UIInterfaceOrientationPortraitUpsideDown UIInterfaceOrientationLandscapeLeft UIInterfaceOrientationLandscapeRight";
				INFOPLIST_KEY_UISupportedInterfaceOrientations_iPhone = "UIInterfaceOrientationPortrait UIInterfaceOrientationLandscapeLeft UIInterfaceOrientationLandscapeRight";
				LD_RUNPATH_SEARCH_PATHS = (
					"$(inherited)",
					"@executable_path/Frameworks",
				);
				MARKETING_VERSION = 1.0;
				PRODUCT_BUNDLE_IDENTIFIER = ru.StasiaKuzya.WBMessengerAppSUI;
				PRODUCT_NAME = "$(TARGET_NAME)";
				SWIFT_EMIT_LOC_STRINGS = YES;
				SWIFT_VERSION = 5.0;
				TARGETED_DEVICE_FAMILY = "1,2";
			};
			name = Release;
		};
		5A7A70482C19C867009E641A /* Debug */ = {
			isa = XCBuildConfiguration;
			buildSettings = {
				ASSETCATALOG_COMPILER_GLOBAL_ACCENT_COLOR_NAME = AccentColor;
				ASSETCATALOG_COMPILER_WIDGET_BACKGROUND_COLOR_NAME = WidgetBackground;
				CODE_SIGN_ENTITLEMENTS = WBMessengerWidgetExtension.entitlements;
				CODE_SIGN_STYLE = Automatic;
				CURRENT_PROJECT_VERSION = 1;
				DEVELOPMENT_TEAM = YFKSG45UC4;
				GENERATE_INFOPLIST_FILE = YES;
				INFOPLIST_FILE = WBMessengerWidget/Info.plist;
				INFOPLIST_KEY_CFBundleDisplayName = WBMessengerWidget;
				INFOPLIST_KEY_NSHumanReadableCopyright = "";
				LD_RUNPATH_SEARCH_PATHS = (
					"$(inherited)",
					"@executable_path/Frameworks",
					"@executable_path/../../Frameworks",
				);
				MARKETING_VERSION = 1.0;
				PRODUCT_BUNDLE_IDENTIFIER = ru.StasiaKuzya.WBMessengerAppSUI.WBMessengerWidget;
				PRODUCT_NAME = "$(TARGET_NAME)";
				SKIP_INSTALL = YES;
				SWIFT_EMIT_LOC_STRINGS = YES;
				SWIFT_VERSION = 5.0;
				TARGETED_DEVICE_FAMILY = "1,2";
			};
			name = Debug;
		};
		5A7A70492C19C867009E641A /* Release */ = {
			isa = XCBuildConfiguration;
			buildSettings = {
				ASSETCATALOG_COMPILER_GLOBAL_ACCENT_COLOR_NAME = AccentColor;
				ASSETCATALOG_COMPILER_WIDGET_BACKGROUND_COLOR_NAME = WidgetBackground;
				CODE_SIGN_ENTITLEMENTS = WBMessengerWidgetExtension.entitlements;
				CODE_SIGN_STYLE = Automatic;
				CURRENT_PROJECT_VERSION = 1;
				DEVELOPMENT_TEAM = YFKSG45UC4;
				GENERATE_INFOPLIST_FILE = YES;
				INFOPLIST_FILE = WBMessengerWidget/Info.plist;
				INFOPLIST_KEY_CFBundleDisplayName = WBMessengerWidget;
				INFOPLIST_KEY_NSHumanReadableCopyright = "";
				LD_RUNPATH_SEARCH_PATHS = (
					"$(inherited)",
					"@executable_path/Frameworks",
					"@executable_path/../../Frameworks",
				);
				MARKETING_VERSION = 1.0;
				PRODUCT_BUNDLE_IDENTIFIER = ru.StasiaKuzya.WBMessengerAppSUI.WBMessengerWidget;
				PRODUCT_NAME = "$(TARGET_NAME)";
				SKIP_INSTALL = YES;
				SWIFT_EMIT_LOC_STRINGS = YES;
				SWIFT_VERSION = 5.0;
				TARGETED_DEVICE_FAMILY = "1,2";
			};
			name = Release;
		};
/* End XCBuildConfiguration section */

/* Begin XCConfigurationList section */
		5A3D815F2C2836F100FF9B53 /* Build configuration list for PBXNativeTarget "BankConsoleProgram" */ = {
			isa = XCConfigurationList;
			buildConfigurations = (
				5A3D815D2C2836F100FF9B53 /* Debug */,
				5A3D815E2C2836F100FF9B53 /* Release */,
			);
			defaultConfigurationIsVisible = 0;
			defaultConfigurationName = Release;
		};
		5A7A6F882C1071E2009E641A /* Build configuration list for PBXProject "WBMessengerApp" */ = {
			isa = XCConfigurationList;
			buildConfigurations = (
				5A7A6F992C1071E5009E641A /* Debug */,
				5A7A6F9A2C1071E5009E641A /* Release */,
			);
			defaultConfigurationIsVisible = 0;
			defaultConfigurationName = Release;
		};
		5A7A6F9B2C1071E5009E641A /* Build configuration list for PBXNativeTarget "WBMessengerApp" */ = {
			isa = XCConfigurationList;
			buildConfigurations = (
				5A7A6F9C2C1071E5009E641A /* Debug */,
				5A7A6F9D2C1071E5009E641A /* Release */,
			);
			defaultConfigurationIsVisible = 0;
			defaultConfigurationName = Release;
		};
		5A7A70472C19C867009E641A /* Build configuration list for PBXNativeTarget "WBMessengerWidgetExtension" */ = {
			isa = XCConfigurationList;
			buildConfigurations = (
				5A7A70482C19C867009E641A /* Debug */,
				5A7A70492C19C867009E641A /* Release */,
			);
			defaultConfigurationIsVisible = 0;
			defaultConfigurationName = Release;
		};
/* End XCConfigurationList section */
	};
	rootObject = 5A7A6F852C1071E2009E641A /* Project object */;
}
